
Microsoft Visual Studio Solution File, Format Version 12.00
# Visual Studio Version 16
VisualStudioVersion = 16.0.33529.622
MinimumVisualStudioVersion = 10.0.40219.1
Project("{FAE04EC0-301F-11D3-BF4B-00C04F79EFBC}") = "Ecommerce", "Ecommerce\Ecommerce.csproj", "{089A565C-93E6-4435-92AB-8549EB3E774E}"
EndProject
Global
	GlobalSection(SolutionConfigurationPlatforms) = preSolution
		Debug|Any CPU = Debug|Any CPU
		Release|Any CPU = Release|Any CPU
	EndGlobalSection
	GlobalSection(ProjectConfigurationPlatforms) = postSolution
		{089A565C-93E6-4435-92AB-8549EB3E774E}.Debug|Any CPU.ActiveCfg = Debug|Any CPU
		{089A565C-93E6-4435-92AB-8549EB3E774E}.Debug|Any CPU.Build.0 = Debug|Any CPU
		{089A565C-93E6-4435-92AB-8549EB3E774E}.Release|Any CPU.ActiveCfg = Release|Any CPU
		{089A565C-93E6-4435-92AB-8549EB3E774E}.Release|Any CPU.Build.0 = Release|Any CPU
	EndGlobalSection
	GlobalSection(SolutionProperties) = preSolution
		HideSolutionNode = FALSE
	EndGlobalSection
	GlobalSection(ExtensibilityGlobals) = postSolution
		SolutionGuid = {F0BB04B4-B621-4E7D-B34F-D2CACEFC6C53}
	EndGlobalSection
EndGlobal
